
Microsoft Visual Studio Solution File, Format Version 12.00
# Visual Studio Version 17
VisualStudioVersion = 17.8.34316.72
MinimumVisualStudioVersion = 10.0.40219.1
Project("{2150E333-8FDC-42A3-9474-1A3956D46DE8}") = "src", "src", "{982B8D4C-7564-4D62-B14A-5085C978D3D1}"
EndProject
Project("{2150E333-8FDC-42A3-9474-1A3956D46DE8}") = "Core", "Core", "{D44D68AD-091A-4F6B-811B-E717184264BD}"
EndProject
Project("{2150E333-8FDC-42A3-9474-1A3956D46DE8}") = "Infrastructure", "Infrastructure", "{82F4826C-AD0A-4612-AE6A-5DDD56EEDB74}"
EndProject
Project("{2150E333-8FDC-42A3-9474-1A3956D46DE8}") = "Presentation", "Presentation", "{16386BFA-30A7-446A-B29D-6E3F630D6AA7}"
EndProject
Project("{FAE04EC0-301F-11D3-BF4B-00C04F79EFBC}") = "TradeEdutify.API", "src\Presentation\TradeEdutify.API\TradeEdutify.API.csproj", "{57AE8C65-6F00-4AD0-A27A-2319BF28259D}"
EndProject
Project("{FAE04EC0-301F-11D3-BF4B-00C04F79EFBC}") = "TradeEdutify.Persistence", "src\Infrastructure\TradeEdutify.Persistence\TradeEdutify.Persistence.csproj", "{55570BFE-9C5E-4C06-BB57-ADD2BB7518F8}"
EndProject
Project("{FAE04EC0-301F-11D3-BF4B-00C04F79EFBC}") = "TradeEdutify.Domain", "src\Core\TradeEdutify.Domain\TradeEdutify.Domain.csproj", "{186820F3-A1F3-4B85-852D-FF2DDC05C4D4}"
EndProject
Project("{FAE04EC0-301F-11D3-BF4B-00C04F79EFBC}") = "TradeEdutify.Application", "src\Core\TradeEdutify.Application\TradeEdutify.Application.csproj", "{10966959-0BEC-40EC-B52C-B705339C6BD6}"
EndProject
Global
	GlobalSection(SolutionConfigurationPlatforms) = preSolution
		Debug|Any CPU = Debug|Any CPU
		Release|Any CPU = Release|Any CPU
	EndGlobalSection
	GlobalSection(ProjectConfigurationPlatforms) = postSolution
		{57AE8C65-6F00-4AD0-A27A-2319BF28259D}.Debug|Any CPU.ActiveCfg = Debug|Any CPU
		{57AE8C65-6F00-4AD0-A27A-2319BF28259D}.Debug|Any CPU.Build.0 = Debug|Any CPU
		{57AE8C65-6F00-4AD0-A27A-2319BF28259D}.Release|Any CPU.ActiveCfg = Release|Any CPU
		{57AE8C65-6F00-4AD0-A27A-2319BF28259D}.Release|Any CPU.Build.0 = Release|Any CPU
		{55570BFE-9C5E-4C06-BB57-ADD2BB7518F8}.Debug|Any CPU.ActiveCfg = Debug|Any CPU
		{55570BFE-9C5E-4C06-BB57-ADD2BB7518F8}.Debug|Any CPU.Build.0 = Debug|Any CPU
		{55570BFE-9C5E-4C06-BB57-ADD2BB7518F8}.Release|Any CPU.ActiveCfg = Release|Any CPU
		{55570BFE-9C5E-4C06-BB57-ADD2BB7518F8}.Release|Any CPU.Build.0 = Release|Any CPU
		{186820F3-A1F3-4B85-852D-FF2DDC05C4D4}.Debug|Any CPU.ActiveCfg = Debug|Any CPU
		{186820F3-A1F3-4B85-852D-FF2DDC05C4D4}.Debug|Any CPU.Build.0 = Debug|Any CPU
		{186820F3-A1F3-4B85-852D-FF2DDC05C4D4}.Release|Any CPU.ActiveCfg = Release|Any CPU
		{186820F3-A1F3-4B85-852D-FF2DDC05C4D4}.Release|Any CPU.Build.0 = Release|Any CPU
		{10966959-0BEC-40EC-B52C-B705339C6BD6}.Debug|Any CPU.ActiveCfg = Debug|Any CPU
		{10966959-0BEC-40EC-B52C-B705339C6BD6}.Debug|Any CPU.Build.0 = Debug|Any CPU
		{10966959-0BEC-40EC-B52C-B705339C6BD6}.Release|Any CPU.ActiveCfg = Release|Any CPU
		{10966959-0BEC-40EC-B52C-B705339C6BD6}.Release|Any CPU.Build.0 = Release|Any CPU
	EndGlobalSection
	GlobalSection(SolutionProperties) = preSolution
		HideSolutionNode = FALSE
	EndGlobalSection
	GlobalSection(NestedProjects) = preSolution
		{D44D68AD-091A-4F6B-811B-E717184264BD} = {982B8D4C-7564-4D62-B14A-5085C978D3D1}
		{82F4826C-AD0A-4612-AE6A-5DDD56EEDB74} = {982B8D4C-7564-4D62-B14A-5085C978D3D1}
		{16386BFA-30A7-446A-B29D-6E3F630D6AA7} = {982B8D4C-7564-4D62-B14A-5085C978D3D1}
		{57AE8C65-6F00-4AD0-A27A-2319BF28259D} = {16386BFA-30A7-446A-B29D-6E3F630D6AA7}
		{55570BFE-9C5E-4C06-BB57-ADD2BB7518F8} = {82F4826C-AD0A-4612-AE6A-5DDD56EEDB74}
		{186820F3-A1F3-4B85-852D-FF2DDC05C4D4} = {D44D68AD-091A-4F6B-811B-E717184264BD}
		{10966959-0BEC-40EC-B52C-B705339C6BD6} = {D44D68AD-091A-4F6B-811B-E717184264BD}
	EndGlobalSection
	GlobalSection(ExtensibilityGlobals) = postSolution
		SolutionGuid = {E880C9ED-705F-4C1C-82EB-BB3C0B2F1F87}
	EndGlobalSection
EndGlobal
